// !$*UTF8*$!
{
	archiveVersion = 1;
	classes = {
	};
	objectVersion = 46;
	objects = {

/* Begin PBXBuildFile section */
		8019742E1C4880630027C3F0 /* CitaServicio1.swift in Sources */ = {isa = PBXBuildFile; fileRef = 8019742D1C4880620027C3F0 /* CitaServicio1.swift */; };
		802B7ACC1CFFA36F000D1DCA /* AutosTableViewCell.swift in Sources */ = {isa = PBXBuildFile; fileRef = 802B7ACB1CFFA36F000D1DCA /* AutosTableViewCell.swift */; };
		8045BE2D1CC89D9300B3FE98 /* Tramites1.swift in Sources */ = {isa = PBXBuildFile; fileRef = 8045BE2C1CC89D9200B3FE98 /* Tramites1.swift */; };
		8045BE521CC9C67300B3FE98 /* Tramites2.swift in Sources */ = {isa = PBXBuildFile; fileRef = 8045BE511CC9C67300B3FE98 /* Tramites2.swift */; };
		8045BE541CC9EFA400B3FE98 /* Tramites3.swift in Sources */ = {isa = PBXBuildFile; fileRef = 8045BE531CC9EFA400B3FE98 /* Tramites3.swift */; };
		804DF1551D076CAB00772D85 /* video.mp4 in Resources */ = {isa = PBXBuildFile; fileRef = 804DF1541D076C8600772D85 /* video.mp4 */; };
		806206791C46E30300893CEA /* Bolts.framework in Frameworks */ = {isa = PBXBuildFile; fileRef = 806206771C46E30300893CEA /* Bolts.framework */; };
		8062067A1C46E30400893CEA /* Parse.framework in Frameworks */ = {isa = PBXBuildFile; fileRef = 806206781C46E30300893CEA /* Parse.framework */; };
		8062067C1C46E34700893CEA /* AudioToolbox.framework in Frameworks */ = {isa = PBXBuildFile; fileRef = 8062067B1C46E34700893CEA /* AudioToolbox.framework */; };
		8062067E1C46E35400893CEA /* CFNetwork.framework in Frameworks */ = {isa = PBXBuildFile; fileRef = 8062067D1C46E35400893CEA /* CFNetwork.framework */; };
		806206801C46E36300893CEA /* CoreGraphics.framework in Frameworks */ = {isa = PBXBuildFile; fileRef = 8062067F1C46E36300893CEA /* CoreGraphics.framework */; };
		806206821C46E36900893CEA /* CoreLocation.framework in Frameworks */ = {isa = PBXBuildFile; fileRef = 806206811C46E36900893CEA /* CoreLocation.framework */; };
		806206841C46E37800893CEA /* QuartzCore.framework in Frameworks */ = {isa = PBXBuildFile; fileRef = 806206831C46E37800893CEA /* QuartzCore.framework */; };
		806206861C46E37F00893CEA /* Security.framework in Frameworks */ = {isa = PBXBuildFile; fileRef = 806206851C46E37F00893CEA /* Security.framework */; };
		8062068A1C46E39C00893CEA /* SystemConfiguration.framework in Frameworks */ = {isa = PBXBuildFile; fileRef = 806206891C46E39C00893CEA /* SystemConfiguration.framework */; };
		8062068C1C46E3AC00893CEA /* libz.tbd in Frameworks */ = {isa = PBXBuildFile; fileRef = 8062068B1C46E3AB00893CEA /* libz.tbd */; };
		8062068E1C46E3BA00893CEA /* libsqlite3.tbd in Frameworks */ = {isa = PBXBuildFile; fileRef = 8062068D1C46E3BA00893CEA /* libsqlite3.tbd */; };
		80676CA71C75872F00BBBF72 /* Nuevos.swift in Sources */ = {isa = PBXBuildFile; fileRef = 80676CA61C75872E00BBBF72 /* Nuevos.swift */; };
		806D39361CE3F5D300AF5815 /* ShowSplashScreen.swift in Sources */ = {isa = PBXBuildFile; fileRef = 806D39351CE3F5D300AF5815 /* ShowSplashScreen.swift */; };
		8075D0171CCB46450019455D /* Auxilio_Vial_Mex.swift in Sources */ = {isa = PBXBuildFile; fileRef = 8075D0161CCB46450019455D /* Auxilio_Vial_Mex.swift */; };
		8075D0191CCB53B50019455D /* Auxilio_Vial_Usa.swift in Sources */ = {isa = PBXBuildFile; fileRef = 8075D0181CCB53B50019455D /* Auxilio_Vial_Usa.swift */; };
		8075D01B1CCBBD170019455D /* Aseguradoras.swift in Sources */ = {isa = PBXBuildFile; fileRef = 8075D01A1CCBBD170019455D /* Aseguradoras.swift */; };
		8076F9751CCAA9D900BB51D0 /* Tramites4.swift in Sources */ = {isa = PBXBuildFile; fileRef = 8076F9741CCAA9D900BB51D0 /* Tramites4.swift */; };
		8076F9771CCAE1E300BB51D0 /* CoreTelephony.framework in Frameworks */ = {isa = PBXBuildFile; fileRef = 8076F9761CCAE1E300BB51D0 /* CoreTelephony.framework */; };
		809348991CDD1B05008D3CC5 /* SeleccionarAgenciaViewController.swift in Sources */ = {isa = PBXBuildFile; fileRef = 809348981CDD1B05008D3CC5 /* SeleccionarAgenciaViewController.swift */; };
		8093489B1CDD303F008D3CC5 /* Reachability.swift in Sources */ = {isa = PBXBuildFile; fileRef = 8093489A1CDD303F008D3CC5 /* Reachability.swift */; };
		80A3EC4F1C48D8B000634BE0 /* CitaServicio2.swift in Sources */ = {isa = PBXBuildFile; fileRef = 80A3EC4E1C48D8B000634BE0 /* CitaServicio2.swift */; };
		80A44BAF1C4E103800B9F0C3 /* CitaServicioSinFoto.swift in Sources */ = {isa = PBXBuildFile; fileRef = 80A44BAE1C4E103800B9F0C3 /* CitaServicioSinFoto.swift */; };
		80A44BB51C4E3EBB00B9F0C3 /* Prestige.swift in Sources */ = {isa = PBXBuildFile; fileRef = 80A44BB41C4E3EBB00B9F0C3 /* Prestige.swift */; };
		80A44BB71C4F0FC600B9F0C3 /* MessageUI.framework in Frameworks */ = {isa = PBXBuildFile; fileRef = 80A44BB61C4F0FC600B9F0C3 /* MessageUI.framework */; };
		80A44BB91C4FD28E00B9F0C3 /* CostoServicio1.swift in Sources */ = {isa = PBXBuildFile; fileRef = 80A44BB81C4FD28E00B9F0C3 /* CostoServicio1.swift */; };
		80A44BBB1C4FD3C300B9F0C3 /* CitaServicio3.swift in Sources */ = {isa = PBXBuildFile; fileRef = 80A44BBA1C4FD3C300B9F0C3 /* CitaServicio3.swift */; };
		80A44BBD1C4FD57600B9F0C3 /* CostoServicio3.swift in Sources */ = {isa = PBXBuildFile; fileRef = 80A44BBC1C4FD57600B9F0C3 /* CostoServicio3.swift */; };
		80A44BBF1C4FD5AC00B9F0C3 /* CostoServicio4.swift in Sources */ = {isa = PBXBuildFile; fileRef = 80A44BBE1C4FD5AC00B9F0C3 /* CostoServicio4.swift */; };
		80A44BC11C4FD5F300B9F0C3 /* CostoServicio5.swift in Sources */ = {isa = PBXBuildFile; fileRef = 80A44BC01C4FD5F300B9F0C3 /* CostoServicio5.swift */; };
		80A44BC71C4FDFB500B9F0C3 /* CosteServicio2.swift in Sources */ = {isa = PBXBuildFile; fileRef = 80A44BC61C4FDFB500B9F0C3 /* CosteServicio2.swift */; };
		80BF463E1C4AACF400E2E406 /* CitaServicio4.swift in Sources */ = {isa = PBXBuildFile; fileRef = 80BF463D1C4AACF300E2E406 /* CitaServicio4.swift */; };
		80BF46401C4AC59E00E2E406 /* CitaServicio5.swift in Sources */ = {isa = PBXBuildFile; fileRef = 80BF463F1C4AC59E00E2E406 /* CitaServicio5.swift */; };
		80BF46421C4ACA1C00E2E406 /* CitaServicio6.swift in Sources */ = {isa = PBXBuildFile; fileRef = 80BF46411C4ACA1C00E2E406 /* CitaServicio6.swift */; };
		80BF46461C4AEAFD00E2E406 /* CitaServicio7.swift in Sources */ = {isa = PBXBuildFile; fileRef = 80BF46451C4AEAFC00E2E406 /* CitaServicio7.swift */; };
		80C6637F1CE06A2100099141 /* SeleccionarAsesorViewController.swift in Sources */ = {isa = PBXBuildFile; fileRef = 80C6637E1CE06A2100099141 /* SeleccionarAsesorViewController.swift */; };
		80C6C17D1C4B6192006B68DB /* CitaServicio8.swift in Sources */ = {isa = PBXBuildFile; fileRef = 80C6C17C1C4B6192006B68DB /* CitaServicio8.swift */; };
		80C6C1811C4C275F006B68DB /* CitaServicioConFoto.swift in Sources */ = {isa = PBXBuildFile; fileRef = 80C6C1801C4C275F006B68DB /* CitaServicioConFoto.swift */; };
		80D75AFB1CE18872005A60D4 /* MostrarAgenciaAsesorViewController.swift in Sources */ = {isa = PBXBuildFile; fileRef = 80D75AFA1CE18871005A60D4 /* MostrarAgenciaAsesorViewController.swift */; };
		80D9A90E1C501A1100334544 /* CostoServicio6.swift in Sources */ = {isa = PBXBuildFile; fileRef = 80D9A90D1C501A1100334544 /* CostoServicio6.swift */; };
		80E4CF971C40345B0032AFA6 /* AppDelegate.swift in Sources */ = {isa = PBXBuildFile; fileRef = 80E4CF961C40345B0032AFA6 /* AppDelegate.swift */; };
		80E4CF991C40345B0032AFA6 /* ViewController.swift in Sources */ = {isa = PBXBuildFile; fileRef = 80E4CF981C40345B0032AFA6 /* ViewController.swift */; };
		80E4CF9C1C40345B0032AFA6 /* Main.storyboard in Resources */ = {isa = PBXBuildFile; fileRef = 80E4CF9A1C40345B0032AFA6 /* Main.storyboard */; };
		80E4CF9E1C40345B0032AFA6 /* Assets.xcassets in Resources */ = {isa = PBXBuildFile; fileRef = 80E4CF9D1C40345B0032AFA6 /* Assets.xcassets */; };
		80E4CFA11C40345B0032AFA6 /* LaunchScreen.storyboard in Resources */ = {isa = PBXBuildFile; fileRef = 80E4CF9F1C40345B0032AFA6 /* LaunchScreen.storyboard */; };
/* End PBXBuildFile section */

/* Begin PBXContainerItemProxy section */
		809565531DD3DDFC00B40508 /* PBXContainerItemProxy */ = {
			isa = PBXContainerItemProxy;
			containerPortal = 809565481DD3DDF900B40508 /* Alamofire.xcodeproj */;
			proxyType = 2;
			remoteGlobalIDString = F8111E3319A95C8B0040E7D1;
			remoteInfo = "Alamofire iOS";
		};
		809565551DD3DDFC00B40508 /* PBXContainerItemProxy */ = {
			isa = PBXContainerItemProxy;
			containerPortal = 809565481DD3DDF900B40508 /* Alamofire.xcodeproj */;
			proxyType = 2;
			remoteGlobalIDString = F8111E3E19A95C8B0040E7D1;
			remoteInfo = "Alamofire iOS Tests";
		};
		809565571DD3DDFC00B40508 /* PBXContainerItemProxy */ = {
			isa = PBXContainerItemProxy;
			containerPortal = 809565481DD3DDF900B40508 /* Alamofire.xcodeproj */;
			proxyType = 2;
			remoteGlobalIDString = 4DD67C0B1A5C55C900ED2280;
			remoteInfo = "Alamofire macOS";
		};
		809565591DD3DDFC00B40508 /* PBXContainerItemProxy */ = {
			isa = PBXContainerItemProxy;
			containerPortal = 809565481DD3DDF900B40508 /* Alamofire.xcodeproj */;
			proxyType = 2;
			remoteGlobalIDString = F829C6B21A7A94F100A2CD59;
			remoteInfo = "Alamofire macOS Tests";
		};
		8095655B1DD3DDFC00B40508 /* PBXContainerItemProxy */ = {
			isa = PBXContainerItemProxy;
			containerPortal = 809565481DD3DDF900B40508 /* Alamofire.xcodeproj */;
			proxyType = 2;
			remoteGlobalIDString = 4CF626EF1BA7CB3E0011A099;
			remoteInfo = "Alamofire tvOS";
		};
		8095655D1DD3DDFC00B40508 /* PBXContainerItemProxy */ = {
			isa = PBXContainerItemProxy;
			containerPortal = 809565481DD3DDF900B40508 /* Alamofire.xcodeproj */;
			proxyType = 2;
			remoteGlobalIDString = 4CF626F81BA7CB3E0011A099;
			remoteInfo = "Alamofire tvOS Tests";
		};
		8095655F1DD3DDFC00B40508 /* PBXContainerItemProxy */ = {
			isa = PBXContainerItemProxy;
			containerPortal = 809565481DD3DDF900B40508 /* Alamofire.xcodeproj */;
			proxyType = 2;
			remoteGlobalIDString = E4202FE01B667AA100C997FB;
			remoteInfo = "Alamofire watchOS";
		};
		809565611DD3DE5E00B40508 /* PBXContainerItemProxy */ = {
			isa = PBXContainerItemProxy;
			containerPortal = 809565481DD3DDF900B40508 /* Alamofire.xcodeproj */;
			proxyType = 1;
			remoteGlobalIDString = F8111E3219A95C8B0040E7D1;
			remoteInfo = "Alamofire iOS";
		};
		8095656A1DD3DF1C00B40508 /* PBXContainerItemProxy */ = {
			isa = PBXContainerItemProxy;
			containerPortal = 809565641DD3DF1B00B40508 /* Haneke.xcodeproj */;
			proxyType = 2;
			remoteGlobalIDString = 873E228F18AA8C7C00E7919C;
			remoteInfo = Haneke;
		};
		8095656C1DD3DF1C00B40508 /* PBXContainerItemProxy */ = {
			isa = PBXContainerItemProxy;
			containerPortal = 809565641DD3DF1B00B40508 /* Haneke.xcodeproj */;
			proxyType = 2;
			remoteGlobalIDString = 873E229F18AA8C7C00E7919C;
			remoteInfo = HanekeTests;
		};
		8095656E1DD3DF1C00B40508 /* PBXContainerItemProxy */ = {
			isa = PBXContainerItemProxy;
			containerPortal = 809565641DD3DF1B00B40508 /* Haneke.xcodeproj */;
			proxyType = 2;
			remoteGlobalIDString = 873E22F318AA90EF00E7919C;
			remoteInfo = HanekeDemo;
		};
		809565701DD3DF2800B40508 /* PBXContainerItemProxy */ = {
			isa = PBXContainerItemProxy;
			containerPortal = 809565641DD3DF1B00B40508 /* Haneke.xcodeproj */;
			proxyType = 1;
			remoteGlobalIDString = 873E228E18AA8C7C00E7919C;
			remoteInfo = Haneke;
		};
/* End PBXContainerItemProxy section */

/* Begin PBXCopyFilesBuildPhase section */
		809565631DD3DE7700B40508 /* CopyFiles */ = {
			isa = PBXCopyFilesBuildPhase;
			buildActionMask = 2147483647;
			dstPath = "";
			dstSubfolderSpec = 7;
			files = (
			);
			runOnlyForDeploymentPostprocessing = 0;
		};
		80E728921CE567EA008D746B /* Copy Frameworks (1 item) */ = {
			isa = PBXCopyFilesBuildPhase;
			buildActionMask = 2147483647;
			dstPath = "";
			dstSubfolderSpec = 10;
			files = (
			);
			name = "Copy Frameworks (1 item)";
			runOnlyForDeploymentPostprocessing = 0;
		};
/* End PBXCopyFilesBuildPhase section */

/* Begin PBXFileReference section */
		8019742D1C4880620027C3F0 /* CitaServicio1.swift */ = {isa = PBXFileReference; fileEncoding = 4; lastKnownFileType = sourcecode.swift; path = CitaServicio1.swift; sourceTree = "<group>"; };
		802B7ACB1CFFA36F000D1DCA /* AutosTableViewCell.swift */ = {isa = PBXFileReference; fileEncoding = 4; lastKnownFileType = sourcecode.swift; path = AutosTableViewCell.swift; sourceTree = "<group>"; };
		8045BE2C1CC89D9200B3FE98 /* Tramites1.swift */ = {isa = PBXFileReference; fileEncoding = 4; lastKnownFileType = sourcecode.swift; path = Tramites1.swift; sourceTree = "<group>"; };
		8045BE511CC9C67300B3FE98 /* Tramites2.swift */ = {isa = PBXFileReference; fileEncoding = 4; lastKnownFileType = sourcecode.swift; path = Tramites2.swift; sourceTree = "<group>"; };
		8045BE531CC9EFA400B3FE98 /* Tramites3.swift */ = {isa = PBXFileReference; fileEncoding = 4; lastKnownFileType = sourcecode.swift; path = Tramites3.swift; sourceTree = "<group>"; };
		804DF1541D076C8600772D85 /* video.mp4 */ = {isa = PBXFileReference; lastKnownFileType = file; path = video.mp4; sourceTree = "<group>"; };
		806206771C46E30300893CEA /* Bolts.framework */ = {isa = PBXFileReference; lastKnownFileType = wrapper.framework; path = Bolts.framework; sourceTree = "<group>"; };
		806206781C46E30300893CEA /* Parse.framework */ = {isa = PBXFileReference; lastKnownFileType = wrapper.framework; path = Parse.framework; sourceTree = "<group>"; };
		8062067B1C46E34700893CEA /* AudioToolbox.framework */ = {isa = PBXFileReference; lastKnownFileType = wrapper.framework; name = AudioToolbox.framework; path = System/Library/Frameworks/AudioToolbox.framework; sourceTree = SDKROOT; };
		8062067D1C46E35400893CEA /* CFNetwork.framework */ = {isa = PBXFileReference; lastKnownFileType = wrapper.framework; name = CFNetwork.framework; path = System/Library/Frameworks/CFNetwork.framework; sourceTree = SDKROOT; };
		8062067F1C46E36300893CEA /* CoreGraphics.framework */ = {isa = PBXFileReference; lastKnownFileType = wrapper.framework; name = CoreGraphics.framework; path = System/Library/Frameworks/CoreGraphics.framework; sourceTree = SDKROOT; };
		806206811C46E36900893CEA /* CoreLocation.framework */ = {isa = PBXFileReference; lastKnownFileType = wrapper.framework; name = CoreLocation.framework; path = System/Library/Frameworks/CoreLocation.framework; sourceTree = SDKROOT; };
		806206831C46E37800893CEA /* QuartzCore.framework */ = {isa = PBXFileReference; lastKnownFileType = wrapper.framework; name = QuartzCore.framework; path = System/Library/Frameworks/QuartzCore.framework; sourceTree = SDKROOT; };
		806206851C46E37F00893CEA /* Security.framework */ = {isa = PBXFileReference; lastKnownFileType = wrapper.framework; name = Security.framework; path = System/Library/Frameworks/Security.framework; sourceTree = SDKROOT; };
		806206891C46E39C00893CEA /* SystemConfiguration.framework */ = {isa = PBXFileReference; lastKnownFileType = wrapper.framework; name = SystemConfiguration.framework; path = System/Library/Frameworks/SystemConfiguration.framework; sourceTree = SDKROOT; };
		8062068B1C46E3AB00893CEA /* libz.tbd */ = {isa = PBXFileReference; lastKnownFileType = "sourcecode.text-based-dylib-definition"; name = libz.tbd; path = usr/lib/libz.tbd; sourceTree = SDKROOT; };
		8062068D1C46E3BA00893CEA /* libsqlite3.tbd */ = {isa = PBXFileReference; lastKnownFileType = "sourcecode.text-based-dylib-definition"; name = libsqlite3.tbd; path = usr/lib/libsqlite3.tbd; sourceTree = SDKROOT; };
		80676CA61C75872E00BBBF72 /* Nuevos.swift */ = {isa = PBXFileReference; fileEncoding = 4; lastKnownFileType = sourcecode.swift; path = Nuevos.swift; sourceTree = "<group>"; };
		806D39351CE3F5D300AF5815 /* ShowSplashScreen.swift */ = {isa = PBXFileReference; fileEncoding = 4; lastKnownFileType = sourcecode.swift; path = ShowSplashScreen.swift; sourceTree = "<group>"; };
		8075D0161CCB46450019455D /* Auxilio_Vial_Mex.swift */ = {isa = PBXFileReference; fileEncoding = 4; lastKnownFileType = sourcecode.swift; path = Auxilio_Vial_Mex.swift; sourceTree = "<group>"; };
		8075D0181CCB53B50019455D /* Auxilio_Vial_Usa.swift */ = {isa = PBXFileReference; fileEncoding = 4; lastKnownFileType = sourcecode.swift; path = Auxilio_Vial_Usa.swift; sourceTree = "<group>"; };
		8075D01A1CCBBD170019455D /* Aseguradoras.swift */ = {isa = PBXFileReference; fileEncoding = 4; lastKnownFileType = sourcecode.swift; path = Aseguradoras.swift; sourceTree = "<group>"; };
		8076F9741CCAA9D900BB51D0 /* Tramites4.swift */ = {isa = PBXFileReference; fileEncoding = 4; lastKnownFileType = sourcecode.swift; path = Tramites4.swift; sourceTree = "<group>"; };
		8076F9761CCAE1E300BB51D0 /* CoreTelephony.framework */ = {isa = PBXFileReference; lastKnownFileType = wrapper.framework; name = CoreTelephony.framework; path = System/Library/Frameworks/CoreTelephony.framework; sourceTree = SDKROOT; };
		809348981CDD1B05008D3CC5 /* SeleccionarAgenciaViewController.swift */ = {isa = PBXFileReference; fileEncoding = 4; lastKnownFileType = sourcecode.swift; path = SeleccionarAgenciaViewController.swift; sourceTree = "<group>"; };
		8093489A1CDD303F008D3CC5 /* Reachability.swift */ = {isa = PBXFileReference; fileEncoding = 4; lastKnownFileType = sourcecode.swift; path = Reachability.swift; sourceTree = "<group>"; };
		809565481DD3DDF900B40508 /* Alamofire.xcodeproj */ = {isa = PBXFileReference; lastKnownFileType = "wrapper.pb-project"; name = Alamofire.xcodeproj; path = "../../Alamofire-master/Alamofire.xcodeproj"; sourceTree = "<group>"; };
		809565641DD3DF1B00B40508 /* Haneke.xcodeproj */ = {isa = PBXFileReference; lastKnownFileType = "wrapper.pb-project"; name = Haneke.xcodeproj; path = "../../Haneke-master/Haneke.xcodeproj"; sourceTree = "<group>"; };
		80A3EC4E1C48D8B000634BE0 /* CitaServicio2.swift */ = {isa = PBXFileReference; fileEncoding = 4; lastKnownFileType = sourcecode.swift; path = CitaServicio2.swift; sourceTree = "<group>"; };
		80A44BAE1C4E103800B9F0C3 /* CitaServicioSinFoto.swift */ = {isa = PBXFileReference; fileEncoding = 4; lastKnownFileType = sourcecode.swift; path = CitaServicioSinFoto.swift; sourceTree = "<group>"; };
		80A44BB41C4E3EBB00B9F0C3 /* Prestige.swift */ = {isa = PBXFileReference; fileEncoding = 4; lastKnownFileType = sourcecode.swift; path = Prestige.swift; sourceTree = "<group>"; };
		80A44BB61C4F0FC600B9F0C3 /* MessageUI.framework */ = {isa = PBXFileReference; lastKnownFileType = wrapper.framework; name = MessageUI.framework; path = System/Library/Frameworks/MessageUI.framework; sourceTree = SDKROOT; };
		80A44BB81C4FD28E00B9F0C3 /* CostoServicio1.swift */ = {isa = PBXFileReference; fileEncoding = 4; lastKnownFileType = sourcecode.swift; path = CostoServicio1.swift; sourceTree = "<group>"; };
		80A44BBA1C4FD3C300B9F0C3 /* CitaServicio3.swift */ = {isa = PBXFileReference; fileEncoding = 4; lastKnownFileType = sourcecode.swift; path = CitaServicio3.swift; sourceTree = "<group>"; };
		80A44BBC1C4FD57600B9F0C3 /* CostoServicio3.swift */ = {isa = PBXFileReference; fileEncoding = 4; lastKnownFileType = sourcecode.swift; path = CostoServicio3.swift; sourceTree = "<group>"; };
		80A44BBE1C4FD5AC00B9F0C3 /* CostoServicio4.swift */ = {isa = PBXFileReference; fileEncoding = 4; lastKnownFileType = sourcecode.swift; path = CostoServicio4.swift; sourceTree = "<group>"; };
		80A44BC01C4FD5F300B9F0C3 /* CostoServicio5.swift */ = {isa = PBXFileReference; fileEncoding = 4; lastKnownFileType = sourcecode.swift; path = CostoServicio5.swift; sourceTree = "<group>"; };
		80A44BC61C4FDFB500B9F0C3 /* CosteServicio2.swift */ = {isa = PBXFileReference; fileEncoding = 4; lastKnownFileType = sourcecode.swift; path = CosteServicio2.swift; sourceTree = "<group>"; };
		80BF463D1C4AACF300E2E406 /* CitaServicio4.swift */ = {isa = PBXFileReference; fileEncoding = 4; lastKnownFileType = sourcecode.swift; path = CitaServicio4.swift; sourceTree = "<group>"; };
		80BF463F1C4AC59E00E2E406 /* CitaServicio5.swift */ = {isa = PBXFileReference; fileEncoding = 4; lastKnownFileType = sourcecode.swift; path = CitaServicio5.swift; sourceTree = "<group>"; };
		80BF46411C4ACA1C00E2E406 /* CitaServicio6.swift */ = {isa = PBXFileReference; fileEncoding = 4; lastKnownFileType = sourcecode.swift; path = CitaServicio6.swift; sourceTree = "<group>"; };
		80BF46451C4AEAFC00E2E406 /* CitaServicio7.swift */ = {isa = PBXFileReference; fileEncoding = 4; lastKnownFileType = sourcecode.swift; path = CitaServicio7.swift; sourceTree = "<group>"; };
		80C6637E1CE06A2100099141 /* SeleccionarAsesorViewController.swift */ = {isa = PBXFileReference; fileEncoding = 4; lastKnownFileType = sourcecode.swift; path = SeleccionarAsesorViewController.swift; sourceTree = "<group>"; };
		80C6C17C1C4B6192006B68DB /* CitaServicio8.swift */ = {isa = PBXFileReference; fileEncoding = 4; lastKnownFileType = sourcecode.swift; path = CitaServicio8.swift; sourceTree = "<group>"; };
		80C6C1801C4C275F006B68DB /* CitaServicioConFoto.swift */ = {isa = PBXFileReference; fileEncoding = 4; lastKnownFileType = sourcecode.swift; path = CitaServicioConFoto.swift; sourceTree = "<group>"; };
		80D75AFA1CE18871005A60D4 /* MostrarAgenciaAsesorViewController.swift */ = {isa = PBXFileReference; fileEncoding = 4; lastKnownFileType = sourcecode.swift; path = MostrarAgenciaAsesorViewController.swift; sourceTree = "<group>"; };
		80D9A90D1C501A1100334544 /* CostoServicio6.swift */ = {isa = PBXFileReference; fileEncoding = 4; lastKnownFileType = sourcecode.swift; path = CostoServicio6.swift; sourceTree = "<group>"; };
		80E4CF931C40345B0032AFA6 /* Asesor Automotriz Chrysler.app */ = {isa = PBXFileReference; explicitFileType = wrapper.application; includeInIndex = 0; path = "Asesor Automotriz Chrysler.app"; sourceTree = BUILT_PRODUCTS_DIR; };
		80E4CF961C40345B0032AFA6 /* AppDelegate.swift */ = {isa = PBXFileReference; lastKnownFileType = sourcecode.swift; path = AppDelegate.swift; sourceTree = "<group>"; };
		80E4CF981C40345B0032AFA6 /* ViewController.swift */ = {isa = PBXFileReference; lastKnownFileType = sourcecode.swift; path = ViewController.swift; sourceTree = "<group>"; };
		80E4CF9B1C40345B0032AFA6 /* Base */ = {isa = PBXFileReference; lastKnownFileType = file.storyboard; name = Base; path = Base.lproj/Main.storyboard; sourceTree = "<group>"; };
		80E4CF9D1C40345B0032AFA6 /* Assets.xcassets */ = {isa = PBXFileReference; lastKnownFileType = folder.assetcatalog; path = Assets.xcassets; sourceTree = "<group>"; };
		80E4CFA01C40345B0032AFA6 /* Base */ = {isa = PBXFileReference; lastKnownFileType = file.storyboard; name = Base; path = Base.lproj/LaunchScreen.storyboard; sourceTree = "<group>"; };
		80E4CFA21C40345B0032AFA6 /* Info.plist */ = {isa = PBXFileReference; lastKnownFileType = text.plist.xml; path = Info.plist; sourceTree = "<group>"; };
/* End PBXFileReference section */

/* Begin PBXFrameworksBuildPhase section */
		80E4CF901C40345A0032AFA6 /* Frameworks */ = {
			isa = PBXFrameworksBuildPhase;
			buildActionMask = 2147483647;
			files = (
				8076F9771CCAE1E300BB51D0 /* CoreTelephony.framework in Frameworks */,
				80A44BB71C4F0FC600B9F0C3 /* MessageUI.framework in Frameworks */,
				8062068E1C46E3BA00893CEA /* libsqlite3.tbd in Frameworks */,
				8062068C1C46E3AC00893CEA /* libz.tbd in Frameworks */,
				8062068A1C46E39C00893CEA /* SystemConfiguration.framework in Frameworks */,
				806206861C46E37F00893CEA /* Security.framework in Frameworks */,
				806206841C46E37800893CEA /* QuartzCore.framework in Frameworks */,
				806206821C46E36900893CEA /* CoreLocation.framework in Frameworks */,
				806206801C46E36300893CEA /* CoreGraphics.framework in Frameworks */,
				8062067E1C46E35400893CEA /* CFNetwork.framework in Frameworks */,
				8062067C1C46E34700893CEA /* AudioToolbox.framework in Frameworks */,
				8062067A1C46E30400893CEA /* Parse.framework in Frameworks */,
				806206791C46E30300893CEA /* Bolts.framework in Frameworks */,
			);
			runOnlyForDeploymentPostprocessing = 0;
		};
/* End PBXFrameworksBuildPhase section */

/* Begin PBXGroup section */
		809565491DD3DDF900B40508 /* Products */ = {
			isa = PBXGroup;
			children = (
				809565541DD3DDFC00B40508 /* Alamofire.framework */,
				809565561DD3DDFC00B40508 /* Alamofire iOS Tests.xctest */,
				809565581DD3DDFC00B40508 /* Alamofire.framework */,
				8095655A1DD3DDFC00B40508 /* Alamofire macOS Tests.xctest */,
				8095655C1DD3DDFC00B40508 /* Alamofire.framework */,
				8095655E1DD3DDFC00B40508 /* Alamofire tvOS Tests.xctest */,
				809565601DD3DDFC00B40508 /* Alamofire.framework */,
			);
			name = Products;
			sourceTree = "<group>";
		};
		809565651DD3DF1B00B40508 /* Products */ = {
			isa = PBXGroup;
			children = (
				8095656B1DD3DF1C00B40508 /* libHaneke.a */,
				8095656D1DD3DF1C00B40508 /* HanekeTests.xctest */,
				8095656F1DD3DF1C00B40508 /* HanekeDemo.app */,
			);
			name = Products;
			sourceTree = "<group>";
		};
		80E4CF8A1C40345A0032AFA6 = {
			isa = PBXGroup;
			children = (
				809565641DD3DF1B00B40508 /* Haneke.xcodeproj */,
				809565481DD3DDF900B40508 /* Alamofire.xcodeproj */,
				8076F9761CCAE1E300BB51D0 /* CoreTelephony.framework */,
				80A44BB61C4F0FC600B9F0C3 /* MessageUI.framework */,
				8062068D1C46E3BA00893CEA /* libsqlite3.tbd */,
				8062068B1C46E3AB00893CEA /* libz.tbd */,
				806206891C46E39C00893CEA /* SystemConfiguration.framework */,
				806206851C46E37F00893CEA /* Security.framework */,
				806206831C46E37800893CEA /* QuartzCore.framework */,
				806206811C46E36900893CEA /* CoreLocation.framework */,
				8062067F1C46E36300893CEA /* CoreGraphics.framework */,
				8062067D1C46E35400893CEA /* CFNetwork.framework */,
				8062067B1C46E34700893CEA /* AudioToolbox.framework */,
				806206771C46E30300893CEA /* Bolts.framework */,
				806206781C46E30300893CEA /* Parse.framework */,
				80E4CF951C40345B0032AFA6 /* Asesor Automotriz Chrysler */,
				80E4CF941C40345B0032AFA6 /* Products */,
			);
			sourceTree = "<group>";
		};
		80E4CF941C40345B0032AFA6 /* Products */ = {
			isa = PBXGroup;
			children = (
				80E4CF931C40345B0032AFA6 /* Asesor Automotriz Chrysler.app */,
			);
			name = Products;
			sourceTree = "<group>";
		};
		80E4CF951C40345B0032AFA6 /* Asesor Automotriz Chrysler */ = {
			isa = PBXGroup;
			children = (
				80D9A90D1C501A1100334544 /* CostoServicio6.swift */,
				8076F9741CCAA9D900BB51D0 /* Tramites4.swift */,
				80A44BB41C4E3EBB00B9F0C3 /* Prestige.swift */,
				80676CA61C75872E00BBBF72 /* Nuevos.swift */,
				80BF46451C4AEAFC00E2E406 /* CitaServicio7.swift */,
				80A44BC01C4FD5F300B9F0C3 /* CostoServicio5.swift */,
				8045BE531CC9EFA400B3FE98 /* Tramites3.swift */,
				80C6C17C1C4B6192006B68DB /* CitaServicio8.swift */,
				80C6C1801C4C275F006B68DB /* CitaServicioConFoto.swift */,
				80A44BAE1C4E103800B9F0C3 /* CitaServicioSinFoto.swift */,
				80A3EC4E1C48D8B000634BE0 /* CitaServicio2.swift */,
				80A44BBA1C4FD3C300B9F0C3 /* CitaServicio3.swift */,
				80A44BC61C4FDFB500B9F0C3 /* CosteServicio2.swift */,
				8045BE2C1CC89D9200B3FE98 /* Tramites1.swift */,
				80BF463D1C4AACF300E2E406 /* CitaServicio4.swift */,
				80A44BBC1C4FD57600B9F0C3 /* CostoServicio3.swift */,
				80BF463F1C4AC59E00E2E406 /* CitaServicio5.swift */,
				80BF46411C4ACA1C00E2E406 /* CitaServicio6.swift */,
				80A44BBE1C4FD5AC00B9F0C3 /* CostoServicio4.swift */,
				80E4CF961C40345B0032AFA6 /* AppDelegate.swift */,
				804DF1541D076C8600772D85 /* video.mp4 */,
				80E4CF981C40345B0032AFA6 /* ViewController.swift */,
				809348981CDD1B05008D3CC5 /* SeleccionarAgenciaViewController.swift */,
				80C6637E1CE06A2100099141 /* SeleccionarAsesorViewController.swift */,
				80D75AFA1CE18871005A60D4 /* MostrarAgenciaAsesorViewController.swift */,
				8019742D1C4880620027C3F0 /* CitaServicio1.swift */,
				8075D0161CCB46450019455D /* Auxilio_Vial_Mex.swift */,
				8075D01A1CCBBD170019455D /* Aseguradoras.swift */,
				806D39351CE3F5D300AF5815 /* ShowSplashScreen.swift */,
				8075D0181CCB53B50019455D /* Auxilio_Vial_Usa.swift */,
				80A44BB81C4FD28E00B9F0C3 /* CostoServicio1.swift */,
				8045BE511CC9C67300B3FE98 /* Tramites2.swift */,
				80E4CF9A1C40345B0032AFA6 /* Main.storyboard */,
				80E4CF9D1C40345B0032AFA6 /* Assets.xcassets */,
				80E4CF9F1C40345B0032AFA6 /* LaunchScreen.storyboard */,
				80E4CFA21C40345B0032AFA6 /* Info.plist */,
				8093489A1CDD303F008D3CC5 /* Reachability.swift */,
				802B7ACB1CFFA36F000D1DCA /* AutosTableViewCell.swift */,
			);
			path = "Asesor Automotriz Chrysler";
			sourceTree = "<group>";
		};
/* End PBXGroup section */

/* Begin PBXNativeTarget section */
		80E4CF921C40345A0032AFA6 /* Asesor Automotriz Chrysler */ = {
			isa = PBXNativeTarget;
			buildConfigurationList = 80E4CFA51C40345B0032AFA6 /* Build configuration list for PBXNativeTarget "Asesor Automotriz Chrysler" */;
			buildPhases = (
				80E4CF8F1C40345A0032AFA6 /* Sources */,
				80E4CF901C40345A0032AFA6 /* Frameworks */,
				80E4CF911C40345A0032AFA6 /* Resources */,
				80E728921CE567EA008D746B /* Copy Frameworks (1 item) */,
				809565631DD3DE7700B40508 /* CopyFiles */,
			);
			buildRules = (
			);
			dependencies = (
				809565711DD3DF2800B40508 /* PBXTargetDependency */,
				809565621DD3DE5E00B40508 /* PBXTargetDependency */,
			);
			name = "Asesor Automotriz Chrysler";
			productName = "Pedro Villarejo App Clientes";
			productReference = 80E4CF931C40345B0032AFA6 /* Asesor Automotriz Chrysler.app */;
			productType = "com.apple.product-type.application";
		};
/* End PBXNativeTarget section */

/* Begin PBXProject section */
		80E4CF8B1C40345A0032AFA6 /* Project object */ = {
			isa = PBXProject;
			attributes = {
				LastSwiftUpdateCheck = 0730;
				LastUpgradeCheck = 0810;
				ORGANIZATIONNAME = "Modesto Vasco";
				TargetAttributes = {
					80E4CF921C40345A0032AFA6 = {
						CreatedOnToolsVersion = 7.2;
						DevelopmentTeam = Z85562BENA;
						LastSwiftMigration = 0810;
						SystemCapabilities = {
							com.apple.BackgroundModes = {
								enabled = 0;
							};
							com.apple.InAppPurchase = {
								enabled = 0;
							};
							com.apple.Push = {
								enabled = 1;
							};
						};
					};
				};
			};
			buildConfigurationList = 80E4CF8E1C40345A0032AFA6 /* Build configuration list for PBXProject "Asesor Automotriz Chrysler" */;
			compatibilityVersion = "Xcode 3.2";
			developmentRegion = English;
			hasScannedForEncodings = 0;
			knownRegions = (
				en,
				Base,
			);
			mainGroup = 80E4CF8A1C40345A0032AFA6;
			productRefGroup = 80E4CF941C40345B0032AFA6 /* Products */;
			projectDirPath = "";
			projectReferences = (
				{
					ProductGroup = 809565491DD3DDF900B40508 /* Products */;
					ProjectRef = 809565481DD3DDF900B40508 /* Alamofire.xcodeproj */;
				},
				{
					ProductGroup = 809565651DD3DF1B00B40508 /* Products */;
					ProjectRef = 809565641DD3DF1B00B40508 /* Haneke.xcodeproj */;
				},
			);
			projectRoot = "";
			targets = (
				80E4CF921C40345A0032AFA6 /* Asesor Automotriz Chrysler */,
			);
		};
/* End PBXProject section */

/* Begin PBXReferenceProxy section */
		809565541DD3DDFC00B40508 /* Alamofire.framework */ = {
			isa = PBXReferenceProxy;
			fileType = wrapper.framework;
			path = Alamofire.framework;
			remoteRef = 809565531DD3DDFC00B40508 /* PBXContainerItemProxy */;
			sourceTree = BUILT_PRODUCTS_DIR;
		};
		809565561DD3DDFC00B40508 /* Alamofire iOS Tests.xctest */ = {
			isa = PBXReferenceProxy;
			fileType = wrapper.cfbundle;
			path = "Alamofire iOS Tests.xctest";
			remoteRef = 809565551DD3DDFC00B40508 /* PBXContainerItemProxy */;
			sourceTree = BUILT_PRODUCTS_DIR;
		};
		809565581DD3DDFC00B40508 /* Alamofire.framework */ = {
			isa = PBXReferenceProxy;
			fileType = wrapper.framework;
			path = Alamofire.framework;
			remoteRef = 809565571DD3DDFC00B40508 /* PBXContainerItemProxy */;
			sourceTree = BUILT_PRODUCTS_DIR;
		};
		8095655A1DD3DDFC00B40508 /* Alamofire macOS Tests.xctest */ = {
			isa = PBXReferenceProxy;
			fileType = wrapper.cfbundle;
			path = "Alamofire macOS Tests.xctest";
			remoteRef = 809565591DD3DDFC00B40508 /* PBXContainerItemProxy */;
			sourceTree = BUILT_PRODUCTS_DIR;
		};
		8095655C1DD3DDFC00B40508 /* Alamofire.framework */ = {
			isa = PBXReferenceProxy;
			fileType = wrapper.framework;
			path = Alamofire.framework;
			remoteRef = 8095655B1DD3DDFC00B40508 /* PBXContainerItemProxy */;
			sourceTree = BUILT_PRODUCTS_DIR;
		};
		8095655E1DD3DDFC00B40508 /* Alamofire tvOS Tests.xctest */ = {
			isa = PBXReferenceProxy;
			fileType = wrapper.cfbundle;
			path = "Alamofire tvOS Tests.xctest";
			remoteRef = 8095655D1DD3DDFC00B40508 /* PBXContainerItemProxy */;
			sourceTree = BUILT_PRODUCTS_DIR;
		};
		809565601DD3DDFC00B40508 /* Alamofire.framework */ = {
			isa = PBXReferenceProxy;
			fileType = wrapper.framework;
			path = Alamofire.framework;
			remoteRef = 8095655F1DD3DDFC00B40508 /* PBXContainerItemProxy */;
			sourceTree = BUILT_PRODUCTS_DIR;
		};
		8095656B1DD3DF1C00B40508 /* libHaneke.a */ = {
			isa = PBXReferenceProxy;
			fileType = archive.ar;
			path = libHaneke.a;
			remoteRef = 8095656A1DD3DF1C00B40508 /* PBXContainerItemProxy */;
			sourceTree = BUILT_PRODUCTS_DIR;
		};
		8095656D1DD3DF1C00B40508 /* HanekeTests.xctest */ = {
			isa = PBXReferenceProxy;
			fileType = wrapper.cfbundle;
			path = HanekeTests.xctest;
			remoteRef = 8095656C1DD3DF1C00B40508 /* PBXContainerItemProxy */;
			sourceTree = BUILT_PRODUCTS_DIR;
		};
		8095656F1DD3DF1C00B40508 /* HanekeDemo.app */ = {
			isa = PBXReferenceProxy;
			fileType = wrapper.application;
			path = HanekeDemo.app;
			remoteRef = 8095656E1DD3DF1C00B40508 /* PBXContainerItemProxy */;
			sourceTree = BUILT_PRODUCTS_DIR;
		};
/* End PBXReferenceProxy section */

/* Begin PBXResourcesBuildPhase section */
		80E4CF911C40345A0032AFA6 /* Resources */ = {
			isa = PBXResourcesBuildPhase;
			buildActionMask = 2147483647;
			files = (
				804DF1551D076CAB00772D85 /* video.mp4 in Resources */,
				80E4CFA11C40345B0032AFA6 /* LaunchScreen.storyboard in Resources */,
				80E4CF9E1C40345B0032AFA6 /* Assets.xcassets in Resources */,
				80E4CF9C1C40345B0032AFA6 /* Main.storyboard in Resources */,
			);
			runOnlyForDeploymentPostprocessing = 0;
		};
/* End PBXResourcesBuildPhase section */

/* Begin PBXSourcesBuildPhase section */
		80E4CF8F1C40345A0032AFA6 /* Sources */ = {
			isa = PBXSourcesBuildPhase;
			buildActionMask = 2147483647;
			files = (
				80C6637F1CE06A2100099141 /* SeleccionarAsesorViewController.swift in Sources */,
				80A44BB91C4FD28E00B9F0C3 /* CostoServicio1.swift in Sources */,
				8075D01B1CCBBD170019455D /* Aseguradoras.swift in Sources */,
				80A44BBF1C4FD5AC00B9F0C3 /* CostoServicio4.swift in Sources */,
				80E4CF991C40345B0032AFA6 /* ViewController.swift in Sources */,
				8045BE521CC9C67300B3FE98 /* Tramites2.swift in Sources */,
				80676CA71C75872F00BBBF72 /* Nuevos.swift in Sources */,
				80C6C17D1C4B6192006B68DB /* CitaServicio8.swift in Sources */,
				8093489B1CDD303F008D3CC5 /* Reachability.swift in Sources */,
				80D9A90E1C501A1100334544 /* CostoServicio6.swift in Sources */,
				8075D0191CCB53B50019455D /* Auxilio_Vial_Usa.swift in Sources */,
				80BF46461C4AEAFD00E2E406 /* CitaServicio7.swift in Sources */,
				8045BE541CC9EFA400B3FE98 /* Tramites3.swift in Sources */,
				80A44BAF1C4E103800B9F0C3 /* CitaServicioSinFoto.swift in Sources */,
				80A44BC11C4FD5F300B9F0C3 /* CostoServicio5.swift in Sources */,
				8045BE2D1CC89D9300B3FE98 /* Tramites1.swift in Sources */,
				80BF46421C4ACA1C00E2E406 /* CitaServicio6.swift in Sources */,
				80A44BBB1C4FD3C300B9F0C3 /* CitaServicio3.swift in Sources */,
				80A3EC4F1C48D8B000634BE0 /* CitaServicio2.swift in Sources */,
				80A44BC71C4FDFB500B9F0C3 /* CosteServicio2.swift in Sources */,
				8075D0171CCB46450019455D /* Auxilio_Vial_Mex.swift in Sources */,
				80BF46401C4AC59E00E2E406 /* CitaServicio5.swift in Sources */,
				80A44BB51C4E3EBB00B9F0C3 /* Prestige.swift in Sources */,
				80E4CF971C40345B0032AFA6 /* AppDelegate.swift in Sources */,
				80C6C1811C4C275F006B68DB /* CitaServicioConFoto.swift in Sources */,
				8019742E1C4880630027C3F0 /* CitaServicio1.swift in Sources */,
				80A44BBD1C4FD57600B9F0C3 /* CostoServicio3.swift in Sources */,
				80D75AFB1CE18872005A60D4 /* MostrarAgenciaAsesorViewController.swift in Sources */,
				809348991CDD1B05008D3CC5 /* SeleccionarAgenciaViewController.swift in Sources */,
				806D39361CE3F5D300AF5815 /* ShowSplashScreen.swift in Sources */,
				80BF463E1C4AACF400E2E406 /* CitaServicio4.swift in Sources */,
				802B7ACC1CFFA36F000D1DCA /* AutosTableViewCell.swift in Sources */,
				8076F9751CCAA9D900BB51D0 /* Tramites4.swift in Sources */,
			);
			runOnlyForDeploymentPostprocessing = 0;
		};
/* End PBXSourcesBuildPhase section */

/* Begin PBXTargetDependency section */
		809565621DD3DE5E00B40508 /* PBXTargetDependency */ = {
			isa = PBXTargetDependency;
			name = "Alamofire iOS";
			targetProxy = 809565611DD3DE5E00B40508 /* PBXContainerItemProxy */;
		};
		809565711DD3DF2800B40508 /* PBXTargetDependency */ = {
			isa = PBXTargetDependency;
			name = Haneke;
			targetProxy = 809565701DD3DF2800B40508 /* PBXContainerItemProxy */;
		};
/* End PBXTargetDependency section */

/* Begin PBXVariantGroup section */
		80E4CF9A1C40345B0032AFA6 /* Main.storyboard */ = {
			isa = PBXVariantGroup;
			children = (
				80E4CF9B1C40345B0032AFA6 /* Base */,
			);
			name = Main.storyboard;
			sourceTree = "<group>";
		};
		80E4CF9F1C40345B0032AFA6 /* LaunchScreen.storyboard */ = {
			isa = PBXVariantGroup;
			children = (
				80E4CFA01C40345B0032AFA6 /* Base */,
			);
			name = LaunchScreen.storyboard;
			sourceTree = "<group>";
		};
/* End PBXVariantGroup section */

/* Begin XCBuildConfiguration section */
		80E4CFA31C40345B0032AFA6 /* Debug */ = {
			isa = XCBuildConfiguration;
			buildSettings = {
				ALWAYS_SEARCH_USER_PATHS = NO;
				CLANG_CXX_LANGUAGE_STANDARD = "gnu++0x";
				CLANG_CXX_LIBRARY = "libc++";
				CLANG_ENABLE_MODULES = YES;
				CLANG_ENABLE_OBJC_ARC = YES;
				CLANG_WARN_BOOL_CONVERSION = YES;
				CLANG_WARN_CONSTANT_CONVERSION = YES;
				CLANG_WARN_DIRECT_OBJC_ISA_USAGE = YES_ERROR;
				CLANG_WARN_EMPTY_BODY = YES;
				CLANG_WARN_ENUM_CONVERSION = YES;
				CLANG_WARN_INFINITE_RECURSION = YES;
				CLANG_WARN_INT_CONVERSION = YES;
				CLANG_WARN_OBJC_ROOT_CLASS = YES_ERROR;
				CLANG_WARN_SUSPICIOUS_MOVE = YES;
				CLANG_WARN_UNREACHABLE_CODE = YES;
				CLANG_WARN__DUPLICATE_METHOD_MATCH = YES;
				"CODE_SIGN_IDENTITY[sdk=iphoneos*]" = "iPhone Developer";
				COPY_PHASE_STRIP = NO;
				DEBUG_INFORMATION_FORMAT = dwarf;
				ENABLE_STRICT_OBJC_MSGSEND = YES;
				ENABLE_TESTABILITY = YES;
				GCC_C_LANGUAGE_STANDARD = gnu99;
				GCC_DYNAMIC_NO_PIC = NO;
				GCC_NO_COMMON_BLOCKS = YES;
				GCC_OPTIMIZATION_LEVEL = 0;
				GCC_PREPROCESSOR_DEFINITIONS = (
					"DEBUG=1",
					"$(inherited)",
				);
				GCC_WARN_64_TO_32_BIT_CONVERSION = YES;
				GCC_WARN_ABOUT_RETURN_TYPE = YES_ERROR;
				GCC_WARN_UNDECLARED_SELECTOR = YES;
				GCC_WARN_UNINITIALIZED_AUTOS = YES_AGGRESSIVE;
				GCC_WARN_UNUSED_FUNCTION = YES;
				GCC_WARN_UNUSED_VARIABLE = YES;
				IPHONEOS_DEPLOYMENT_TARGET = 9.2;
				MTL_ENABLE_DEBUG_INFO = YES;
				ONLY_ACTIVE_ARCH = YES;
				SDKROOT = iphoneos;
				SWIFT_OPTIMIZATION_LEVEL = "-Onone";
				TARGETED_DEVICE_FAMILY = "1,2";
			};
			name = Debug;
		};
		80E4CFA41C40345B0032AFA6 /* Release */ = {
			isa = XCBuildConfiguration;
			buildSettings = {
				ALWAYS_SEARCH_USER_PATHS = NO;
				CLANG_CXX_LANGUAGE_STANDARD = "gnu++0x";
				CLANG_CXX_LIBRARY = "libc++";
				CLANG_ENABLE_MODULES = YES;
				CLANG_ENABLE_OBJC_ARC = YES;
				CLANG_WARN_BOOL_CONVERSION = YES;
				CLANG_WARN_CONSTANT_CONVERSION = YES;
				CLANG_WARN_DIRECT_OBJC_ISA_USAGE = YES_ERROR;
				CLANG_WARN_EMPTY_BODY = YES;
				CLANG_WARN_ENUM_CONVERSION = YES;
				CLANG_WARN_INFINITE_RECURSION = YES;
				CLANG_WARN_INT_CONVERSION = YES;
				CLANG_WARN_OBJC_ROOT_CLASS = YES_ERROR;
				CLANG_WARN_SUSPICIOUS_MOVE = YES;
				CLANG_WARN_UNREACHABLE_CODE = YES;
				CLANG_WARN__DUPLICATE_METHOD_MATCH = YES;
				"CODE_SIGN_IDENTITY[sdk=iphoneos*]" = "iPhone Developer";
				COPY_PHASE_STRIP = NO;
				DEBUG_INFORMATION_FORMAT = "dwarf-with-dsym";
				ENABLE_NS_ASSERTIONS = NO;
				ENABLE_STRICT_OBJC_MSGSEND = YES;
				GCC_C_LANGUAGE_STANDARD = gnu99;
				GCC_NO_COMMON_BLOCKS = YES;
				GCC_WARN_64_TO_32_BIT_CONVERSION = YES;
				GCC_WARN_ABOUT_RETURN_TYPE = YES_ERROR;
				GCC_WARN_UNDECLARED_SELECTOR = YES;
				GCC_WARN_UNINITIALIZED_AUTOS = YES_AGGRESSIVE;
				GCC_WARN_UNUSED_FUNCTION = YES;
				GCC_WARN_UNUSED_VARIABLE = YES;
				IPHONEOS_DEPLOYMENT_TARGET = 9.2;
				MTL_ENABLE_DEBUG_INFO = NO;
				SDKROOT = iphoneos;
				SWIFT_OPTIMIZATION_LEVEL = "-Owholemodule";
				TARGETED_DEVICE_FAMILY = "1,2";
				VALIDATE_PRODUCT = YES;
			};
			name = Release;
		};
		80E4CFA61C40345B0032AFA6 /* Debug */ = {
			isa = XCBuildConfiguration;
			buildSettings = {
				ALWAYS_EMBED_SWIFT_STANDARD_LIBRARIES = YES;
				ASSETCATALOG_COMPILER_APPICON_NAME = AppIcon;
				CLANG_ENABLE_MODULES = YES;
				CODE_SIGN_IDENTITY = "iPhone Developer";
				"CODE_SIGN_IDENTITY[sdk=iphoneos*]" = "iPhone Developer";
				FRAMEWORK_SEARCH_PATHS = (
					"$(inherited)",
					"$(PROJECT_DIR)",
				);
				INFOPLIST_FILE = "$(SRCROOT)/Asesor Automotriz Chrysler/Info.plist";
				IPHONEOS_DEPLOYMENT_TARGET = 9.0;
				LD_RUNPATH_SEARCH_PATHS = "$(inherited) @executable_path/Frameworks";
				PRODUCT_BUNDLE_IDENTIFIER = com.webjuarez.miasesorautomotriz;
				PRODUCT_NAME = "Asesor Automotriz Chrysler";
				PROVISIONING_PROFILE = "";
				SWIFT_OBJC_BRIDGING_HEADER = "Pedro Villarejo App Clientes-Bridging-Header.h";
				SWIFT_OPTIMIZATION_LEVEL = "-Onone";
				SWIFT_VERSION = 3.0;
				TARGETED_DEVICE_FAMILY = 1;
			};
			name = Debug;
		};
		80E4CFA71C40345B0032AFA6 /* Release */ = {
			isa = XCBuildConfiguration;
			buildSettings = {
				ALWAYS_EMBED_SWIFT_STANDARD_LIBRARIES = YES;
				ASSETCATALOG_COMPILER_APPICON_NAME = AppIcon;
				CLANG_ENABLE_MODULES = YES;
				CODE_SIGN_IDENTITY = "iPhone Developer";
				"CODE_SIGN_IDENTITY[sdk=iphoneos*]" = "iPhone Developer";
				FRAMEWORK_SEARCH_PATHS = (
					"$(inherited)",
					"$(PROJECT_DIR)",
				);
				INFOPLIST_FILE = "$(SRCROOT)/Asesor Automotriz Chrysler/Info.plist";
				IPHONEOS_DEPLOYMENT_TARGET = 9.0;
				LD_RUNPATH_SEARCH_PATHS = "$(inherited) @executable_path/Frameworks";
				PRODUCT_BUNDLE_IDENTIFIER = com.webjuarez.miasesorautomotriz;
				PRODUCT_NAME = "Asesor Automotriz Chrysler";
				PROVISIONING_PROFILE = "";
				SWIFT_OBJC_BRIDGING_HEADER = "Pedro Villarejo App Clientes-Bridging-Header.h";
				SWIFT_VERSION = 3.0;
				TARGETED_DEVICE_FAMILY = 1;
			};
			name = Release;
		};
/* End XCBuildConfiguration section */

/* Begin XCConfigurationList section */
		80E4CF8E1C40345A0032AFA6 /* Build configuration list for PBXProject "Asesor Automotriz Chrysler" */ = {
			isa = XCConfigurationList;
			buildConfigurations = (
				80E4CFA31C40345B0032AFA6 /* Debug */,
				80E4CFA41C40345B0032AFA6 /* Release */,
			);
			defaultConfigurationIsVisible = 0;
			defaultConfigurationName = Release;
		};
		80E4CFA51C40345B0032AFA6 /* Build configuration list for PBXNativeTarget "Asesor Automotriz Chrysler" */ = {
			isa = XCConfigurationList;
			buildConfigurations = (
				80E4CFA61C40345B0032AFA6 /* Debug */,
				80E4CFA71C40345B0032AFA6 /* Release */,
			);
			defaultConfigurationIsVisible = 0;
			defaultConfigurationName = Release;
		};
/* End XCConfigurationList section */
	};
	rootObject = 80E4CF8B1C40345A0032AFA6 /* Project object */;
}
